
Microsoft Visual Studio Solution File, Format Version 12.00
# Visual Studio Version 17
VisualStudioVersion = 17.7.34018.315
MinimumVisualStudioVersion = 10.0.40219.1
Project("{FAE04EC0-301F-11D3-BF4B-00C04F79EFBC}") = "App2.Android", "App2\App2.Android\App2.Android.csproj", "{260E2958-9C18-4CF6-BDF7-73784115D985}"
EndProject
Project("{FAE04EC0-301F-11D3-BF4B-00C04F79EFBC}") = "App2", "App2\App2\App2.csproj", "{A36ABF14-DB46-4DC2-9A74-EE9F04183EFA}"
EndProject
Global
	GlobalSection(SolutionConfigurationPlatforms) = preSolution
		Debug|Any CPU = Debug|Any CPU
		Release|Any CPU = Release|Any CPU
	EndGlobalSection
	GlobalSection(ProjectConfigurationPlatforms) = postSolution
		{260E2958-9C18-4CF6-BDF7-73784115D985}.Debug|Any CPU.ActiveCfg = Debug|Any CPU
		{260E2958-9C18-4CF6-BDF7-73784115D985}.Debug|Any CPU.Build.0 = Debug|Any CPU
		{260E2958-9C18-4CF6-BDF7-73784115D985}.Debug|Any CPU.Deploy.0 = Debug|Any CPU
		{260E2958-9C18-4CF6-BDF7-73784115D985}.Release|Any CPU.ActiveCfg = Release|Any CPU
		{260E2958-9C18-4CF6-BDF7-73784115D985}.Release|Any CPU.Build.0 = Release|Any CPU
		{260E2958-9C18-4CF6-BDF7-73784115D985}.Release|Any CPU.Deploy.0 = Release|Any CPU
		{A36ABF14-DB46-4DC2-9A74-EE9F04183EFA}.Debug|Any CPU.ActiveCfg = Debug|Any CPU
		{A36ABF14-DB46-4DC2-9A74-EE9F04183EFA}.Debug|Any CPU.Build.0 = Debug|Any CPU
		{A36ABF14-DB46-4DC2-9A74-EE9F04183EFA}.Debug|Any CPU.Deploy.0 = Debug|Any CPU
		{A36ABF14-DB46-4DC2-9A74-EE9F04183EFA}.Release|Any CPU.ActiveCfg = Release|Any CPU
		{A36ABF14-DB46-4DC2-9A74-EE9F04183EFA}.Release|Any CPU.Build.0 = Release|Any CPU
		{A36ABF14-DB46-4DC2-9A74-EE9F04183EFA}.Release|Any CPU.Deploy.0 = Release|Any CPU
	EndGlobalSection
	GlobalSection(SolutionProperties) = preSolution
		HideSolutionNode = FALSE
	EndGlobalSection
	GlobalSection(ExtensibilityGlobals) = postSolution
		SolutionGuid = {5A640FF1-1473-4897-A0C7-044EDB61399F}
	EndGlobalSection
EndGlobal
